
Microsoft Visual Studio Solution File, Format Version 12.00
# Visual Studio Version 16
VisualStudioVersion = 16.0.29806.167
MinimumVisualStudioVersion = 10.0.40219.1
Project("{9A19103F-16F7-4668-BE54-9A1E7A4F7556}") = "MeadowClient", "MeadowClient\MeadowClient.csproj", "{6C692BE6-20CC-461A-A4E6-74A85D0A535F}"
EndProject
Project("{9A19103F-16F7-4668-BE54-9A1E7A4F7556}") = "SHT31TestHarness", "SHT31TestHarness\SHT31TestHarness.csproj", "{490CDABE-2B35-4ACF-842D-334ABCA7028E}"
EndProject
Project("{FAE04EC0-301F-11D3-BF4B-00C04F79EFBC}") = "Radios.RF24", "Radios.RF24\Radios.RF24.csproj", "{5A9983CD-F7F9-496A-AB1F-08A930025554}"
EndProject
Global
	GlobalSection(SolutionConfigurationPlatforms) = preSolution
		Debug|Any CPU = Debug|Any CPU
		Release|Any CPU = Release|Any CPU
	EndGlobalSection
	GlobalSection(ProjectConfigurationPlatforms) = postSolution
		{6C692BE6-20CC-461A-A4E6-74A85D0A535F}.Debug|Any CPU.ActiveCfg = Debug|Any CPU
		{6C692BE6-20CC-461A-A4E6-74A85D0A535F}.Debug|Any CPU.Build.0 = Debug|Any CPU
		{6C692BE6-20CC-461A-A4E6-74A85D0A535F}.Debug|Any CPU.Deploy.0 = Debug|Any CPU
		{6C692BE6-20CC-461A-A4E6-74A85D0A535F}.Release|Any CPU.ActiveCfg = Release|Any CPU
		{6C692BE6-20CC-461A-A4E6-74A85D0A535F}.Release|Any CPU.Build.0 = Release|Any CPU
		{6C692BE6-20CC-461A-A4E6-74A85D0A535F}.Release|Any CPU.Deploy.0 = Release|Any CPU
		{490CDABE-2B35-4ACF-842D-334ABCA7028E}.Debug|Any CPU.ActiveCfg = Debug|Any CPU
		{490CDABE-2B35-4ACF-842D-334ABCA7028E}.Debug|Any CPU.Build.0 = Debug|Any CPU
		{490CDABE-2B35-4ACF-842D-334ABCA7028E}.Release|Any CPU.ActiveCfg = Release|Any CPU
		{490CDABE-2B35-4ACF-842D-334ABCA7028E}.Release|Any CPU.Build.0 = Release|Any CPU
		{5A9983CD-F7F9-496A-AB1F-08A930025554}.Debug|Any CPU.ActiveCfg = Debug|Any CPU
		{5A9983CD-F7F9-496A-AB1F-08A930025554}.Debug|Any CPU.Build.0 = Debug|Any CPU
		{5A9983CD-F7F9-496A-AB1F-08A930025554}.Release|Any CPU.ActiveCfg = Release|Any CPU
		{5A9983CD-F7F9-496A-AB1F-08A930025554}.Release|Any CPU.Build.0 = Release|Any CPU
	EndGlobalSection
	GlobalSection(SolutionProperties) = preSolution
		HideSolutionNode = FALSE
	EndGlobalSection
	GlobalSection(ExtensibilityGlobals) = postSolution
		SolutionGuid = {93563926-CF52-49F4-A8AD-1C2921EFD87C}
	EndGlobalSection
EndGlobal
